PODS:
  - Kingfisher (5.15.5):
    - Kingfisher/Core (= 5.15.5)
  - Kingfisher/Core (5.15.5)

DEPENDENCIES:
  - Kingfisher (~> 5.15)

SPEC REPOS:
  trunk:
    - Kingfisher

SPEC CHECKSUMS:
  Kingfisher: e3ec347a5ab8817b7585ef46923a2d2b9a7d8fbe

PODFILE CHECKSUM: c20578e08d5b6f8d0f929795bb778926c8c4454b

COCOAPODS: 1.10.0
