// !$*UTF8*$!
{
	archiveVersion = 1;
	classes = {
	};
	objectVersion = 50;
	objects = {

/* Begin PBXBuildFile section */
		4662A073B773D3D142013462 /* Pods_GitHubRepoSearcher.framework in Frameworks */ = {isa = PBXBuildFile; fileRef = 212D248D38C293D5122FC25A /* Pods_GitHubRepoSearcher.framework */; };
		DDA82655254799AE003D890D /* AppDelegate.swift in Sources */ = {isa = PBXBuildFile; fileRef = DDA82654254799AE003D890D /* AppDelegate.swift */; };
		DDA82657254799AE003D890D /* SceneDelegate.swift in Sources */ = {isa = PBXBuildFile; fileRef = DDA82656254799AE003D890D /* SceneDelegate.swift */; };
		DDA8265E254799AF003D890D /* Assets.xcassets in Resources */ = {isa = PBXBuildFile; fileRef = DDA8265D254799AF003D890D /* Assets.xcassets */; };
		DDA82661254799AF003D890D /* LaunchScreen.storyboard in Resources */ = {isa = PBXBuildFile; fileRef = DDA8265F254799AF003D890D /* LaunchScreen.storyboard */; };
		DDA8266D25479C16003D890D /* RepositoriesTableViewController.swift in Sources */ = {isa = PBXBuildFile; fileRef = DDA8266B25479C16003D890D /* RepositoriesTableViewController.swift */; };
		DDA8266E25479C16003D890D /* RepositoriesTableViewController.xib in Resources */ = {isa = PBXBuildFile; fileRef = DDA8266C25479C16003D890D /* RepositoriesTableViewController.xib */; };
		DDA826742547A26C003D890D /* RepositoryCell.swift in Sources */ = {isa = PBXBuildFile; fileRef = DDA826722547A26C003D890D /* RepositoryCell.swift */; };
		DDA826752547A26C003D890D /* RepositoryCell.xib in Resources */ = {isa = PBXBuildFile; fileRef = DDA826732547A26C003D890D /* RepositoryCell.xib */; };
		DDA826782547AAFE003D890D /* Repository.swift in Sources */ = {isa = PBXBuildFile; fileRef = DDA826772547AAFE003D890D /* Repository.swift */; };
		DDA826822548E01F003D890D /* AppCoordinator.swift in Sources */ = {isa = PBXBuildFile; fileRef = DDA826812548E01F003D890D /* AppCoordinator.swift */; };
		DDA8268A2548E589003D890D /* RepositoriesViewModel.swift in Sources */ = {isa = PBXBuildFile; fileRef = DDA826892548E589003D890D /* RepositoriesViewModel.swift */; };
		DDA8268E2548ED2A003D890D /* REST.swift in Sources */ = {isa = PBXBuildFile; fileRef = DDA8268D2548ED2A003D890D /* REST.swift */; };
/* End PBXBuildFile section */

/* Begin PBXFileReference section */
		212D248D38C293D5122FC25A /* Pods_GitHubRepoSearcher.framework */ = {isa = PBXFileReference; explicitFileType = wrapper.framework; includeInIndex = 0; path = Pods_GitHubRepoSearcher.framework; sourceTree = BUILT_PRODUCTS_DIR; };
		3C619A7FEF4A98BC644B8698 /* Pods-GitHubRepoSearcher.debug.xcconfig */ = {isa = PBXFileReference; includeInIndex = 1; lastKnownFileType = text.xcconfig; name = "Pods-GitHubRepoSearcher.debug.xcconfig"; path = "Target Support Files/Pods-GitHubRepoSearcher/Pods-GitHubRepoSearcher.debug.xcconfig"; sourceTree = "<group>"; };
		4B4B69319CD5FDFE81CC21C3 /* Pods-GitHubRepoSearcher.release.xcconfig */ = {isa = PBXFileReference; includeInIndex = 1; lastKnownFileType = text.xcconfig; name = "Pods-GitHubRepoSearcher.release.xcconfig"; path = "Target Support Files/Pods-GitHubRepoSearcher/Pods-GitHubRepoSearcher.release.xcconfig"; sourceTree = "<group>"; };
		DDA82651254799AE003D890D /* GitHubRepoSearcher.app */ = {isa = PBXFileReference; explicitFileType = wrapper.application; includeInIndex = 0; path = GitHubRepoSearcher.app; sourceTree = BUILT_PRODUCTS_DIR; };
		DDA82654254799AE003D890D /* AppDelegate.swift */ = {isa = PBXFileReference; lastKnownFileType = sourcecode.swift; path = AppDelegate.swift; sourceTree = "<group>"; };
		DDA82656254799AE003D890D /* SceneDelegate.swift */ = {isa = PBXFileReference; lastKnownFileType = sourcecode.swift; path = SceneDelegate.swift; sourceTree = "<group>"; };
		DDA8265D254799AF003D890D /* Assets.xcassets */ = {isa = PBXFileReference; lastKnownFileType = folder.assetcatalog; path = Assets.xcassets; sourceTree = "<group>"; };
		DDA82660254799AF003D890D /* Base */ = {isa = PBXFileReference; lastKnownFileType = file.storyboard; name = Base; path = Base.lproj/LaunchScreen.storyboard; sourceTree = "<group>"; };
		DDA82662254799AF003D890D /* Info.plist */ = {isa = PBXFileReference; lastKnownFileType = text.plist.xml; path = Info.plist; sourceTree = "<group>"; };
		DDA8266B25479C16003D890D /* RepositoriesTableViewController.swift */ = {isa = PBXFileReference; lastKnownFileType = sourcecode.swift; path = RepositoriesTableViewController.swift; sourceTree = "<group>"; };
		DDA8266C25479C16003D890D /* RepositoriesTableViewController.xib */ = {isa = PBXFileReference; lastKnownFileType = file.xib; path = RepositoriesTableViewController.xib; sourceTree = "<group>"; };
		DDA826722547A26C003D890D /* RepositoryCell.swift */ = {isa = PBXFileReference; lastKnownFileType = sourcecode.swift; path = RepositoryCell.swift; sourceTree = "<group>"; };
		DDA826732547A26C003D890D /* RepositoryCell.xib */ = {isa = PBXFileReference; lastKnownFileType = file.xib; path = RepositoryCell.xib; sourceTree = "<group>"; };
		DDA826772547AAFE003D890D /* Repository.swift */ = {isa = PBXFileReference; lastKnownFileType = sourcecode.swift; path = Repository.swift; sourceTree = "<group>"; };
		DDA826812548E01F003D890D /* AppCoordinator.swift */ = {isa = PBXFileReference; lastKnownFileType = sourcecode.swift; path = AppCoordinator.swift; sourceTree = "<group>"; };
		DDA826892548E589003D890D /* RepositoriesViewModel.swift */ = {isa = PBXFileReference; lastKnownFileType = sourcecode.swift; path = RepositoriesViewModel.swift; sourceTree = "<group>"; };
		DDA8268D2548ED2A003D890D /* REST.swift */ = {isa = PBXFileReference; lastKnownFileType = sourcecode.swift; path = REST.swift; sourceTree = "<group>"; };
/* End PBXFileReference section */

/* Begin PBXFrameworksBuildPhase section */
		DDA8264E254799AE003D890D /* Frameworks */ = {
			isa = PBXFrameworksBuildPhase;
			buildActionMask = 2147483647;
			files = (
				4662A073B773D3D142013462 /* Pods_GitHubRepoSearcher.framework in Frameworks */,
			);
			runOnlyForDeploymentPostprocessing = 0;
		};
/* End PBXFrameworksBuildPhase section */

/* Begin PBXGroup section */
		2F09FBE2105A9605F479BCA5 /* Frameworks */ = {
			isa = PBXGroup;
			children = (
				212D248D38C293D5122FC25A /* Pods_GitHubRepoSearcher.framework */,
			);
			name = Frameworks;
			sourceTree = "<group>";
		};
		D2BCEE760176A264A34AB0AC /* Pods */ = {
			isa = PBXGroup;
			children = (
				3C619A7FEF4A98BC644B8698 /* Pods-GitHubRepoSearcher.debug.xcconfig */,
				4B4B69319CD5FDFE81CC21C3 /* Pods-GitHubRepoSearcher.release.xcconfig */,
			);
			name = Pods;
			path = Pods;
			sourceTree = "<group>";
		};
		DDA82648254799AD003D890D = {
			isa = PBXGroup;
			children = (
				DDA82653254799AE003D890D /* GitHubRepoSearcher */,
				DDA82652254799AE003D890D /* Products */,
				D2BCEE760176A264A34AB0AC /* Pods */,
				2F09FBE2105A9605F479BCA5 /* Frameworks */,
			);
			sourceTree = "<group>";
		};
		DDA82652254799AE003D890D /* Products */ = {
			isa = PBXGroup;
			children = (
				DDA82651254799AE003D890D /* GitHubRepoSearcher.app */,
			);
			name = Products;
			sourceTree = "<group>";
		};
		DDA82653254799AE003D890D /* GitHubRepoSearcher */ = {
			isa = PBXGroup;
			children = (
				DDA8266925479AC3003D890D /* Views */,
				DDA8267A2547ABD4003D890D /* Models */,
				DDA826812548E01F003D890D /* AppCoordinator.swift */,
				DDA8268D2548ED2A003D890D /* REST.swift */,
				DDA82654254799AE003D890D /* AppDelegate.swift */,
				DDA82656254799AE003D890D /* SceneDelegate.swift */,
				DDA8265D254799AF003D890D /* Assets.xcassets */,
				DDA8265F254799AF003D890D /* LaunchScreen.storyboard */,
				DDA82662254799AF003D890D /* Info.plist */,
			);
			path = GitHubRepoSearcher;
			sourceTree = "<group>";
		};
		DDA8266925479AC3003D890D /* Views */ = {
			isa = PBXGroup;
			children = (
				DDA8266A25479AFA003D890D /* Repositories */,
			);
			path = Views;
			sourceTree = "<group>";
		};
		DDA8266A25479AFA003D890D /* Repositories */ = {
			isa = PBXGroup;
			children = (
				DDA826872548E51C003D890D /* Cell */,
				DDA826892548E589003D890D /* RepositoriesViewModel.swift */,
				DDA8266B25479C16003D890D /* RepositoriesTableViewController.swift */,
				DDA8266C25479C16003D890D /* RepositoriesTableViewController.xib */,
			);
			path = Repositories;
			sourceTree = "<group>";
		};
		DDA8267A2547ABD4003D890D /* Models */ = {
			isa = PBXGroup;
			children = (
				DDA826772547AAFE003D890D /* Repository.swift */,
			);
			path = Models;
			sourceTree = "<group>";
		};
		DDA826872548E51C003D890D /* Cell */ = {
			isa = PBXGroup;
			children = (
				DDA826722547A26C003D890D /* RepositoryCell.swift */,
				DDA826732547A26C003D890D /* RepositoryCell.xib */,
			);
			path = Cell;
			sourceTree = "<group>";
		};
/* End PBXGroup section */

/* Begin PBXNativeTarget section */
		DDA82650254799AE003D890D /* GitHubRepoSearcher */ = {
			isa = PBXNativeTarget;
			buildConfigurationList = DDA82665254799AF003D890D /* Build configuration list for PBXNativeTarget "GitHubRepoSearcher" */;
			buildPhases = (
				E1C738A759A173E90CC4A7CF /* [CP] Check Pods Manifest.lock */,
				DDA8264D254799AE003D890D /* Sources */,
				DDA8264E254799AE003D890D /* Frameworks */,
				DDA8264F254799AE003D890D /* Resources */,
				0ECDD02B9B7F7522501E0ADA /* [CP] Embed Pods Frameworks */,
			);
			buildRules = (
			);
			dependencies = (
			);
			name = GitHubRepoSearcher;
			productName = GitHubRepoSearcher;
			productReference = DDA82651254799AE003D890D /* GitHubRepoSearcher.app */;
			productType = "com.apple.product-type.application";
		};
/* End PBXNativeTarget section */

/* Begin PBXProject section */
		DDA82649254799AD003D890D /* Project object */ = {
			isa = PBXProject;
			attributes = {
				LastSwiftUpdateCheck = 1210;
				LastUpgradeCheck = 1210;
				TargetAttributes = {
					DDA82650254799AE003D890D = {
						CreatedOnToolsVersion = 12.1;
					};
				};
			};
			buildConfigurationList = DDA8264C254799AD003D890D /* Build configuration list for PBXProject "GitHubRepoSearcher" */;
			compatibilityVersion = "Xcode 9.3";
			developmentRegion = en;
			hasScannedForEncodings = 0;
			knownRegions = (
				en,
				Base,
			);
			mainGroup = DDA82648254799AD003D890D;
			productRefGroup = DDA82652254799AE003D890D /* Products */;
			projectDirPath = "";
			projectRoot = "";
			targets = (
				DDA82650254799AE003D890D /* GitHubRepoSearcher */,
			);
		};
/* End PBXProject section */

/* Begin PBXResourcesBuildPhase section */
		DDA8264F254799AE003D890D /* Resources */ = {
			isa = PBXResourcesBuildPhase;
			buildActionMask = 2147483647;
			files = (
				DDA82661254799AF003D890D /* LaunchScreen.storyboard in Resources */,
				DDA826752547A26C003D890D /* RepositoryCell.xib in Resources */,
				DDA8265E254799AF003D890D /* Assets.xcassets in Resources */,
				DDA8266E25479C16003D890D /* RepositoriesTableViewController.xib in Resources */,
			);
			runOnlyForDeploymentPostprocessing = 0;
		};
/* End PBXResourcesBuildPhase section */

/* Begin PBXShellScriptBuildPhase section */
		0ECDD02B9B7F7522501E0ADA /* [CP] Embed Pods Frameworks */ = {
			isa = PBXShellScriptBuildPhase;
			buildActionMask = 2147483647;
			files = (
			);
			inputFileListPaths = (
				"${PODS_ROOT}/Target Support Files/Pods-GitHubRepoSearcher/Pods-GitHubRepoSearcher-frameworks-${CONFIGURATION}-input-files.xcfilelist",
			);
			name = "[CP] Embed Pods Frameworks";
			outputFileListPaths = (
				"${PODS_ROOT}/Target Support Files/Pods-GitHubRepoSearcher/Pods-GitHubRepoSearcher-frameworks-${CONFIGURATION}-output-files.xcfilelist",
			);
			runOnlyForDeploymentPostprocessing = 0;
			shellPath = /bin/sh;
			shellScript = "\"${PODS_ROOT}/Target Support Files/Pods-GitHubRepoSearcher/Pods-GitHubRepoSearcher-frameworks.sh\"\n";
			showEnvVarsInLog = 0;
		};
		E1C738A759A173E90CC4A7CF /* [CP] Check Pods Manifest.lock */ = {
			isa = PBXShellScriptBuildPhase;
			buildActionMask = 2147483647;
			files = (
			);
			inputFileListPaths = (
			);
			inputPaths = (
				"${PODS_PODFILE_DIR_PATH}/Podfile.lock",
				"${PODS_ROOT}/Manifest.lock",
			);
			name = "[CP] Check Pods Manifest.lock";
			outputFileListPaths = (
			);
			outputPaths = (
				"$(DERIVED_FILE_DIR)/Pods-GitHubRepoSearcher-checkManifestLockResult.txt",
			);
			runOnlyForDeploymentPostprocessing = 0;
			shellPath = /bin/sh;
			shellScript = "diff \"${PODS_PODFILE_DIR_PATH}/Podfile.lock\" \"${PODS_ROOT}/Manifest.lock\" > /dev/null\nif [ $? != 0 ] ; then\n    # print error to STDERR\n    echo \"error: The sandbox is not in sync with the Podfile.lock. Run 'pod install' or update your CocoaPods installation.\" >&2\n    exit 1\nfi\n# This output is used by Xcode 'outputs' to avoid re-running this script phase.\necho \"SUCCESS\" > \"${SCRIPT_OUTPUT_FILE_0}\"\n";
			showEnvVarsInLog = 0;
		};
/* End PBXShellScriptBuildPhase section */

/* Begin PBXSourcesBuildPhase section */
		DDA8264D254799AE003D890D /* Sources */ = {
			isa = PBXSourcesBuildPhase;
			buildActionMask = 2147483647;
			files = (
				DDA826782547AAFE003D890D /* Repository.swift in Sources */,
				DDA82655254799AE003D890D /* AppDelegate.swift in Sources */,
				DDA82657254799AE003D890D /* SceneDelegate.swift in Sources */,
				DDA8268E2548ED2A003D890D /* REST.swift in Sources */,
				DDA8268A2548E589003D890D /* RepositoriesViewModel.swift in Sources */,
				DDA826742547A26C003D890D /* RepositoryCell.swift in Sources */,
				DDA8266D25479C16003D890D /* RepositoriesTableViewController.swift in Sources */,
				DDA826822548E01F003D890D /* AppCoordinator.swift in Sources */,
			);
			runOnlyForDeploymentPostprocessing = 0;
		};
/* End PBXSourcesBuildPhase section */

/* Begin PBXVariantGroup section */
		DDA8265F254799AF003D890D /* LaunchScreen.storyboard */ = {
			isa = PBXVariantGroup;
			children = (
				DDA82660254799AF003D890D /* Base */,
			);
			name = LaunchScreen.storyboard;
			sourceTree = "<group>";
		};
/* End PBXVariantGroup section */

/* Begin XCBuildConfiguration section */
		DDA82663254799AF003D890D /* Debug */ = {
			isa = XCBuildConfiguration;
			buildSettings = {
				ALWAYS_SEARCH_USER_PATHS = NO;
				CLANG_ANALYZER_NONNULL = YES;
				CLANG_ANALYZER_NUMBER_OBJECT_CONVERSION = YES_AGGRESSIVE;
				CLANG_CXX_LANGUAGE_STANDARD = "gnu++14";
				CLANG_CXX_LIBRARY = "libc++";
				CLANG_ENABLE_MODULES = YES;
				CLANG_ENABLE_OBJC_ARC = YES;
				CLANG_ENABLE_OBJC_WEAK = YES;
				CLANG_WARN_BLOCK_CAPTURE_AUTORELEASING = YES;
				CLANG_WARN_BOOL_CONVERSION = YES;
				CLANG_WARN_COMMA = YES;
				CLANG_WARN_CONSTANT_CONVERSION = YES;
				CLANG_WARN_DEPRECATED_OBJC_IMPLEMENTATIONS = YES;
				CLANG_WARN_DIRECT_OBJC_ISA_USAGE = YES_ERROR;
				CLANG_WARN_DOCUMENTATION_COMMENTS = YES;
				CLANG_WARN_EMPTY_BODY = YES;
				CLANG_WARN_ENUM_CONVERSION = YES;
				CLANG_WARN_INFINITE_RECURSION = YES;
				CLANG_WARN_INT_CONVERSION = YES;
				CLANG_WARN_NON_LITERAL_NULL_CONVERSION = YES;
				CLANG_WARN_OBJC_IMPLICIT_RETAIN_SELF = YES;
				CLANG_WARN_OBJC_LITERAL_CONVERSION = YES;
				CLANG_WARN_OBJC_ROOT_CLASS = YES_ERROR;
				CLANG_WARN_QUOTED_INCLUDE_IN_FRAMEWORK_HEADER = YES;
				CLANG_WARN_RANGE_LOOP_ANALYSIS = YES;
				CLANG_WARN_STRICT_PROTOTYPES = YES;
				CLANG_WARN_SUSPICIOUS_MOVE = YES;
				CLANG_WARN_UNGUARDED_AVAILABILITY = YES_AGGRESSIVE;
				CLANG_WARN_UNREACHABLE_CODE = YES;
				CLANG_WARN__DUPLICATE_METHOD_MATCH = YES;
				COPY_PHASE_STRIP = NO;
				DEBUG_INFORMATION_FORMAT = dwarf;
				ENABLE_STRICT_OBJC_MSGSEND = YES;
				ENABLE_TESTABILITY = YES;
				GCC_C_LANGUAGE_STANDARD = gnu11;
				GCC_DYNAMIC_NO_PIC = NO;
				GCC_NO_COMMON_BLOCKS = YES;
				GCC_OPTIMIZATION_LEVEL = 0;
				GCC_PREPROCESSOR_DEFINITIONS = (
					"DEBUG=1",
					"$(inherited)",
				);
				GCC_WARN_64_TO_32_BIT_CONVERSION = YES;
				GCC_WARN_ABOUT_RETURN_TYPE = YES_ERROR;
				GCC_WARN_UNDECLARED_SELECTOR = YES;
				GCC_WARN_UNINITIALIZED_AUTOS = YES_AGGRESSIVE;
				GCC_WARN_UNUSED_FUNCTION = YES;
				GCC_WARN_UNUSED_VARIABLE = YES;
				IPHONEOS_DEPLOYMENT_TARGET = 14.1;
				MTL_ENABLE_DEBUG_INFO = INCLUDE_SOURCE;
				MTL_FAST_MATH = YES;
				ONLY_ACTIVE_ARCH = YES;
				SDKROOT = iphoneos;
				SWIFT_ACTIVE_COMPILATION_CONDITIONS = DEBUG;
				SWIFT_OPTIMIZATION_LEVEL = "-Onone";
			};
			name = Debug;
		};
		DDA82664254799AF003D890D /* Release */ = {
			isa = XCBuildConfiguration;
			buildSettings = {
				ALWAYS_SEARCH_USER_PATHS = NO;
				CLANG_ANALYZER_NONNULL = YES;
				CLANG_ANALYZER_NUMBER_OBJECT_CONVERSION = YES_AGGRESSIVE;
				CLANG_CXX_LANGUAGE_STANDARD = "gnu++14";
				CLANG_CXX_LIBRARY = "libc++";
				CLANG_ENABLE_MODULES = YES;
				CLANG_ENABLE_OBJC_ARC = YES;
				CLANG_ENABLE_OBJC_WEAK = YES;
				CLANG_WARN_BLOCK_CAPTURE_AUTORELEASING = YES;
				CLANG_WARN_BOOL_CONVERSION = YES;
				CLANG_WARN_COMMA = YES;
				CLANG_WARN_CONSTANT_CONVERSION = YES;
				CLANG_WARN_DEPRECATED_OBJC_IMPLEMENTATIONS = YES;
				CLANG_WARN_DIRECT_OBJC_ISA_USAGE = YES_ERROR;
				CLANG_WARN_DOCUMENTATION_COMMENTS = YES;
				CLANG_WARN_EMPTY_BODY = YES;
				CLANG_WARN_ENUM_CONVERSION = YES;
				CLANG_WARN_INFINITE_RECURSION = YES;
				CLANG_WARN_INT_CONVERSION = YES;
				CLANG_WARN_NON_LITERAL_NULL_CONVERSION = YES;
				CLANG_WARN_OBJC_IMPLICIT_RETAIN_SELF = YES;
				CLANG_WARN_OBJC_LITERAL_CONVERSION = YES;
				CLANG_WARN_OBJC_ROOT_CLASS = YES_ERROR;
				CLANG_WARN_QUOTED_INCLUDE_IN_FRAMEWORK_HEADER = YES;
				CLANG_WARN_RANGE_LOOP_ANALYSIS = YES;
				CLANG_WARN_STRICT_PROTOTYPES = YES;
				CLANG_WARN_SUSPICIOUS_MOVE = YES;
				CLANG_WARN_UNGUARDED_AVAILABILITY = YES_AGGRESSIVE;
				CLANG_WARN_UNREACHABLE_CODE = YES;
				CLANG_WARN__DUPLICATE_METHOD_MATCH = YES;
				COPY_PHASE_STRIP = NO;
				DEBUG_INFORMATION_FORMAT = "dwarf-with-dsym";
				ENABLE_NS_ASSERTIONS = NO;
				ENABLE_STRICT_OBJC_MSGSEND = YES;
				GCC_C_LANGUAGE_STANDARD = gnu11;
				GCC_NO_COMMON_BLOCKS = YES;
				GCC_WARN_64_TO_32_BIT_CONVERSION = YES;
				GCC_WARN_ABOUT_RETURN_TYPE = YES_ERROR;
				GCC_WARN_UNDECLARED_SELECTOR = YES;
				GCC_WARN_UNINITIALIZED_AUTOS = YES_AGGRESSIVE;
				GCC_WARN_UNUSED_FUNCTION = YES;
				GCC_WARN_UNUSED_VARIABLE = YES;
				IPHONEOS_DEPLOYMENT_TARGET = 14.1;
				MTL_ENABLE_DEBUG_INFO = NO;
				MTL_FAST_MATH = YES;
				SDKROOT = iphoneos;
				SWIFT_COMPILATION_MODE = wholemodule;
				SWIFT_OPTIMIZATION_LEVEL = "-O";
				VALIDATE_PRODUCT = YES;
			};
			name = Release;
		};
		DDA82666254799AF003D890D /* Debug */ = {
			isa = XCBuildConfiguration;
			baseConfigurationReference = 3C619A7FEF4A98BC644B8698 /* Pods-GitHubRepoSearcher.debug.xcconfig */;
			buildSettings = {
				ASSETCATALOG_COMPILER_APPICON_NAME = AppIcon;
				ASSETCATALOG_COMPILER_GLOBAL_ACCENT_COLOR_NAME = AccentColor;
				CODE_SIGN_STYLE = Automatic;
				INFOPLIST_FILE = GitHubRepoSearcher/Info.plist;
				LD_RUNPATH_SEARCH_PATHS = (
					"$(inherited)",
					"@executable_path/Frameworks",
				);
				PRODUCT_BUNDLE_IDENTIFIER = com.viniciustsalomao.GitHubRepoSearcher;
				PRODUCT_NAME = "$(TARGET_NAME)";
				SWIFT_VERSION = 5.0;
				TARGETED_DEVICE_FAMILY = 1;
			};
			name = Debug;
		};
		DDA82667254799AF003D890D /* Release */ = {
			isa = XCBuildConfiguration;
			baseConfigurationReference = 4B4B69319CD5FDFE81CC21C3 /* Pods-GitHubRepoSearcher.release.xcconfig */;
			buildSettings = {
				ASSETCATALOG_COMPILER_APPICON_NAME = AppIcon;
				ASSETCATALOG_COMPILER_GLOBAL_ACCENT_COLOR_NAME = AccentColor;
				CODE_SIGN_STYLE = Automatic;
				INFOPLIST_FILE = GitHubRepoSearcher/Info.plist;
				LD_RUNPATH_SEARCH_PATHS = (
					"$(inherited)",
					"@executable_path/Frameworks",
				);
				PRODUCT_BUNDLE_IDENTIFIER = com.viniciustsalomao.GitHubRepoSearcher;
				PRODUCT_NAME = "$(TARGET_NAME)";
				SWIFT_VERSION = 5.0;
				TARGETED_DEVICE_FAMILY = 1;
			};
			name = Release;
		};
/* End XCBuildConfiguration section */

/* Begin XCConfigurationList section */
		DDA8264C254799AD003D890D /* Build configuration list for PBXProject "GitHubRepoSearcher" */ = {
			isa = XCConfigurationList;
			buildConfigurations = (
				DDA82663254799AF003D890D /* Debug */,
				DDA82664254799AF003D890D /* Release */,
			);
			defaultConfigurationIsVisible = 0;
			defaultConfigurationName = Release;
		};
		DDA82665254799AF003D890D /* Build configuration list for PBXNativeTarget "GitHubRepoSearcher" */ = {
			isa = XCConfigurationList;
			buildConfigurations = (
				DDA82666254799AF003D890D /* Debug */,
				DDA82667254799AF003D890D /* Release */,
			);
			defaultConfigurationIsVisible = 0;
			defaultConfigurationName = Release;
		};
/* End XCConfigurationList section */
	};
	rootObject = DDA82649254799AD003D890D /* Project object */;
}
